
Microsoft Visual Studio Solution File, Format Version 12.00
# Visual Studio Version 17
VisualStudioVersion = 17.0.31903.59
MinimumVisualStudioVersion = 10.0.40219.1
Project("{FAE04EC0-301F-11D3-BF4B-00C04F79EFBC}") = "ServiceNowOpen", "ServiceNowOpen.csproj", "{F46ED661-EA39-4040-8AD7-AF19DF55FDDF}"
EndProject
Project("{2150E333-8FDC-42A3-9474-1A3956D46DE8}") = "Solution Items", "Solution Items", "{9BA6DD71-4784-411D-A8CD-2492B5269670}"
	ProjectSection(SolutionItems) = preProject
		.editorconfig = .editorconfig
	EndProjectSection
EndProject
Global
	GlobalSection(SolutionConfigurationPlatforms) = preSolution
		Debug|Any CPU = Debug|Any CPU
		Release|Any CPU = Release|Any CPU
	EndGlobalSection
	GlobalSection(ProjectConfigurationPlatforms) = postSolution
		{F46ED661-EA39-4040-8AD7-AF19DF55FDDF}.Debug|Any CPU.ActiveCfg = Debug|Any CPU
		{F46ED661-EA39-4040-8AD7-AF19DF55FDDF}.Debug|Any CPU.Build.0 = Debug|Any CPU
		{F46ED661-EA39-4040-8AD7-AF19DF55FDDF}.Release|Any CPU.ActiveCfg = Release|Any CPU
		{F46ED661-EA39-4040-8AD7-AF19DF55FDDF}.Release|Any CPU.Build.0 = Release|Any CPU
	EndGlobalSection
	GlobalSection(SolutionProperties) = preSolution
		HideSolutionNode = FALSE
	EndGlobalSection
	GlobalSection(ExtensibilityGlobals) = postSolution
		SolutionGuid = {5F80197D-5D08-49CB-BACF-06C46EC9A36E}
	EndGlobalSection
EndGlobal
